
Microsoft Visual Studio Solution File, Format Version 12.00
# Visual Studio Version 17
VisualStudioVersion = 17.7.34221.43
MinimumVisualStudioVersion = 10.0.40219.1
Project("{FAE04EC0-301F-11D3-BF4B-00C04F79EFBC}") = "ConsoleApp_ETR", "ConsoleApp_ETR.csproj", "{DB02233E-E228-4441-8883-24C6AA35198C}"
EndProject
Project("{FAE04EC0-301F-11D3-BF4B-00C04F79EFBC}") = "ClassLibrary2_BAL", "..\ClassLibrary2_BAL\ClassLibrary2_BAL.csproj", "{DC0A1522-0A78-4209-871C-68591243D08F}"
EndProject
Project("{FAE04EC0-301F-11D3-BF4B-00C04F79EFBC}") = "ClassLibrary2_ClassModel", "..\ClassLibrary2_ClassModel\ClassLibrary2_ClassModel.csproj", "{CE1CBD4D-3B70-49D1-AC0A-AA0FA3D5D567}"
EndProject
Project("{FAE04EC0-301F-11D3-BF4B-00C04F79EFBC}") = "ClassLibrary2_DAL", "..\ClassLibrary2_DAL\ClassLibrary2_DAL.csproj", "{561FA587-8135-43DC-B575-543E4A4F58C6}"
EndProject
Project("{FAE04EC0-301F-11D3-BF4B-00C04F79EFBC}") = "ClassLiabrary2_Menu1", "..\ClassLiabrary2_Menu1\ClassLiabrary2_Menu1.csproj", "{B4A288E1-E4E2-4F81-A398-E64455FC0229}"
EndProject
Global
	GlobalSection(SolutionConfigurationPlatforms) = preSolution
		Debug|Any CPU = Debug|Any CPU
		Release|Any CPU = Release|Any CPU
	EndGlobalSection
	GlobalSection(ProjectConfigurationPlatforms) = postSolution
		{DB02233E-E228-4441-8883-24C6AA35198C}.Debug|Any CPU.ActiveCfg = Debug|Any CPU
		{DB02233E-E228-4441-8883-24C6AA35198C}.Debug|Any CPU.Build.0 = Debug|Any CPU
		{DB02233E-E228-4441-8883-24C6AA35198C}.Release|Any CPU.ActiveCfg = Release|Any CPU
		{DB02233E-E228-4441-8883-24C6AA35198C}.Release|Any CPU.Build.0 = Release|Any CPU
		{DC0A1522-0A78-4209-871C-68591243D08F}.Debug|Any CPU.ActiveCfg = Debug|Any CPU
		{DC0A1522-0A78-4209-871C-68591243D08F}.Debug|Any CPU.Build.0 = Debug|Any CPU
		{DC0A1522-0A78-4209-871C-68591243D08F}.Release|Any CPU.ActiveCfg = Release|Any CPU
		{DC0A1522-0A78-4209-871C-68591243D08F}.Release|Any CPU.Build.0 = Release|Any CPU
		{CE1CBD4D-3B70-49D1-AC0A-AA0FA3D5D567}.Debug|Any CPU.ActiveCfg = Debug|Any CPU
		{CE1CBD4D-3B70-49D1-AC0A-AA0FA3D5D567}.Debug|Any CPU.Build.0 = Debug|Any CPU
		{CE1CBD4D-3B70-49D1-AC0A-AA0FA3D5D567}.Release|Any CPU.ActiveCfg = Release|Any CPU
		{CE1CBD4D-3B70-49D1-AC0A-AA0FA3D5D567}.Release|Any CPU.Build.0 = Release|Any CPU
		{561FA587-8135-43DC-B575-543E4A4F58C6}.Debug|Any CPU.ActiveCfg = Debug|Any CPU
		{561FA587-8135-43DC-B575-543E4A4F58C6}.Debug|Any CPU.Build.0 = Debug|Any CPU
		{561FA587-8135-43DC-B575-543E4A4F58C6}.Release|Any CPU.ActiveCfg = Release|Any CPU
		{561FA587-8135-43DC-B575-543E4A4F58C6}.Release|Any CPU.Build.0 = Release|Any CPU
		{B4A288E1-E4E2-4F81-A398-E64455FC0229}.Debug|Any CPU.ActiveCfg = Debug|Any CPU
		{B4A288E1-E4E2-4F81-A398-E64455FC0229}.Debug|Any CPU.Build.0 = Debug|Any CPU
		{B4A288E1-E4E2-4F81-A398-E64455FC0229}.Release|Any CPU.ActiveCfg = Release|Any CPU
		{B4A288E1-E4E2-4F81-A398-E64455FC0229}.Release|Any CPU.Build.0 = Release|Any CPU
	EndGlobalSection
	GlobalSection(SolutionProperties) = preSolution
		HideSolutionNode = FALSE
	EndGlobalSection
	GlobalSection(ExtensibilityGlobals) = postSolution
		SolutionGuid = {EF02C674-E49D-438B-8F6F-C05BAF9C1270}
	EndGlobalSection
EndGlobal
